
Microsoft Visual Studio Solution File, Format Version 12.00
# Visual Studio Version 16
VisualStudioVersion = 16.0.29409.12
MinimumVisualStudioVersion = 10.0.40219.1
Project("{8BC9CEB8-8B4A-11D0-8D11-00A0C91BC942}") = "SkeletonBasics-D2D", "SkeletonBasics-D2D.vcxproj", "{A0E290C0-197D-4659-A67A-D31BF9D56EAA}"
EndProject
Project("{2150E333-8FDC-42A3-9474-1A3956D46DE8}") = "Solution Items", "Solution Items", "{17289BEB-7F77-43FB-BC1B-5059B25D471E}"
	ProjectSection(SolutionItems) = preProject
		TextFile1.txt = TextFile1.txt
	EndProjectSection
EndProject
Global
	GlobalSection(SolutionConfigurationPlatforms) = preSolution
		Debug|Win32 = Debug|Win32
		Debug|x64 = Debug|x64
		Release|Win32 = Release|Win32
		Release|x64 = Release|x64
	EndGlobalSection
	GlobalSection(ProjectConfigurationPlatforms) = postSolution
		{A0E290C0-197D-4659-A67A-D31BF9D56EAA}.Debug|Win32.ActiveCfg = Debug|Win32
		{A0E290C0-197D-4659-A67A-D31BF9D56EAA}.Debug|Win32.Build.0 = Debug|Win32
		{A0E290C0-197D-4659-A67A-D31BF9D56EAA}.Debug|x64.ActiveCfg = Debug|x64
		{A0E290C0-197D-4659-A67A-D31BF9D56EAA}.Debug|x64.Build.0 = Debug|x64
		{A0E290C0-197D-4659-A67A-D31BF9D56EAA}.Release|Win32.ActiveCfg = Release|Win32
		{A0E290C0-197D-4659-A67A-D31BF9D56EAA}.Release|Win32.Build.0 = Release|Win32
		{A0E290C0-197D-4659-A67A-D31BF9D56EAA}.Release|x64.ActiveCfg = Release|x64
		{A0E290C0-197D-4659-A67A-D31BF9D56EAA}.Release|x64.Build.0 = Release|x64
	EndGlobalSection
	GlobalSection(SolutionProperties) = preSolution
		HideSolutionNode = FALSE
	EndGlobalSection
	GlobalSection(ExtensibilityGlobals) = postSolution
		SolutionGuid = {83EF25C4-39C8-438C-8B7C-1932B463A0D9}
	EndGlobalSection
EndGlobal
